
Microsoft Visual Studio Solution File, Format Version 12.00
# Visual Studio Version 17
VisualStudioVersion = 17.1.32328.378
MinimumVisualStudioVersion = 10.0.40219.1
Project("{9A19103F-16F7-4668-BE54-9A1E7A4F7556}") = "Hawkeye.Domain", "Hawkeye.Domain\Hawkeye.Domain.csproj", "{E27845D6-CD3E-4F41-A97F-1F8D0CD9E5F3}"
EndProject
Project("{9A19103F-16F7-4668-BE54-9A1E7A4F7556}") = "Hawkeye.EntityFramework", "Hawkeye.EntityFramework\Hawkeye.EntityFramework.csproj", "{9486E9EC-B798-45AE-B8F5-AD97B94C3201}"
EndProject
Project("{9A19103F-16F7-4668-BE54-9A1E7A4F7556}") = "Hawkeye.WPF", "Hawkeye.WPF\Hawkeye.WPF.csproj", "{77B1FCC2-7357-4DF2-8B3F-2068469B0ED7}"
EndProject
Project("{9A19103F-16F7-4668-BE54-9A1E7A4F7556}") = "Hawkeye.OmdbAPI", "Hawkeye.OmdbAPI\Hawkeye.OmdbAPI.csproj", "{C482B3D9-4CD3-482E-A530-7AA62A866925}"
EndProject
Project("{9A19103F-16F7-4668-BE54-9A1E7A4F7556}") = "Hawkeye.Foundation", "Hawkeye.Foundation\Hawkeye.Foundation.csproj", "{3D15486B-283D-4812-BDCD-5E0AFB9DE372}"
EndProject
Global
	GlobalSection(SolutionConfigurationPlatforms) = preSolution
		Debug|Any CPU = Debug|Any CPU
		Release|Any CPU = Release|Any CPU
	EndGlobalSection
	GlobalSection(ProjectConfigurationPlatforms) = postSolution
		{E27845D6-CD3E-4F41-A97F-1F8D0CD9E5F3}.Debug|Any CPU.ActiveCfg = Debug|Any CPU
		{E27845D6-CD3E-4F41-A97F-1F8D0CD9E5F3}.Debug|Any CPU.Build.0 = Debug|Any CPU
		{E27845D6-CD3E-4F41-A97F-1F8D0CD9E5F3}.Release|Any CPU.ActiveCfg = Release|Any CPU
		{E27845D6-CD3E-4F41-A97F-1F8D0CD9E5F3}.Release|Any CPU.Build.0 = Release|Any CPU
		{9486E9EC-B798-45AE-B8F5-AD97B94C3201}.Debug|Any CPU.ActiveCfg = Debug|Any CPU
		{9486E9EC-B798-45AE-B8F5-AD97B94C3201}.Debug|Any CPU.Build.0 = Debug|Any CPU
		{9486E9EC-B798-45AE-B8F5-AD97B94C3201}.Release|Any CPU.ActiveCfg = Release|Any CPU
		{9486E9EC-B798-45AE-B8F5-AD97B94C3201}.Release|Any CPU.Build.0 = Release|Any CPU
		{77B1FCC2-7357-4DF2-8B3F-2068469B0ED7}.Debug|Any CPU.ActiveCfg = Debug|Any CPU
		{77B1FCC2-7357-4DF2-8B3F-2068469B0ED7}.Debug|Any CPU.Build.0 = Debug|Any CPU
		{77B1FCC2-7357-4DF2-8B3F-2068469B0ED7}.Release|Any CPU.ActiveCfg = Release|Any CPU
		{77B1FCC2-7357-4DF2-8B3F-2068469B0ED7}.Release|Any CPU.Build.0 = Release|Any CPU
		{C482B3D9-4CD3-482E-A530-7AA62A866925}.Debug|Any CPU.ActiveCfg = Debug|Any CPU
		{C482B3D9-4CD3-482E-A530-7AA62A866925}.Debug|Any CPU.Build.0 = Debug|Any CPU
		{C482B3D9-4CD3-482E-A530-7AA62A866925}.Release|Any CPU.ActiveCfg = Release|Any CPU
		{C482B3D9-4CD3-482E-A530-7AA62A866925}.Release|Any CPU.Build.0 = Release|Any CPU
		{3D15486B-283D-4812-BDCD-5E0AFB9DE372}.Debug|Any CPU.ActiveCfg = Debug|Any CPU
		{3D15486B-283D-4812-BDCD-5E0AFB9DE372}.Debug|Any CPU.Build.0 = Debug|Any CPU
		{3D15486B-283D-4812-BDCD-5E0AFB9DE372}.Release|Any CPU.ActiveCfg = Release|Any CPU
		{3D15486B-283D-4812-BDCD-5E0AFB9DE372}.Release|Any CPU.Build.0 = Release|Any CPU
	EndGlobalSection
	GlobalSection(SolutionProperties) = preSolution
		HideSolutionNode = FALSE
	EndGlobalSection
	GlobalSection(ExtensibilityGlobals) = postSolution
		SolutionGuid = {254E6C04-EF1D-42A6-93BD-B78777C9C213}
	EndGlobalSection
EndGlobal
